// !$*UTF8*$!
{
	archiveVersion = 1;
	classes = {
	};
	objectVersion = 46;
	objects = {

/* Begin PBXBuildFile section */
		3F2EB2261F73F31F00B79117 /* IconCollectionViewCell.swift in Sources */ = {isa = PBXBuildFile; fileRef = 3F2EB2251F73F31F00B79117 /* IconCollectionViewCell.swift */; };
		3FF5211C1F6BE11E00658402 /* TransactionTableViewController.swift in Sources */ = {isa = PBXBuildFile; fileRef = 3FF5211B1F6BE11E00658402 /* TransactionTableViewController.swift */; };
		8D02641E1F7E1DFC002F6367 /* ReportTableViewCell.swift in Sources */ = {isa = PBXBuildFile; fileRef = 8D02641D1F7E1DFC002F6367 /* ReportTableViewCell.swift */; };
		8D0264201F7E1E3B002F6367 /* ReportTableViewController.swift in Sources */ = {isa = PBXBuildFile; fileRef = 8D02641F1F7E1E3B002F6367 /* ReportTableViewController.swift */; };
		8D8F90E01F658722004D81B0 /* TransactionModel.swift in Sources */ = {isa = PBXBuildFile; fileRef = 8D8F90DF1F658722004D81B0 /* TransactionModel.swift */; };
		8D8F90E21F65875D004D81B0 /* CategoryModel.swift in Sources */ = {isa = PBXBuildFile; fileRef = 8D8F90E11F65875D004D81B0 /* CategoryModel.swift */; };
		8DC2206C1F7A250C001D4C27 /* ReportModel.swift in Sources */ = {isa = PBXBuildFile; fileRef = 8DC2206B1F7A250C001D4C27 /* ReportModel.swift */; };
		8DC2B5201F62FE8200487ECA /* AppDelegate.swift in Sources */ = {isa = PBXBuildFile; fileRef = 8DC2B51F1F62FE8200487ECA /* AppDelegate.swift */; };
		8DC2B5251F62FE8200487ECA /* Main.storyboard in Resources */ = {isa = PBXBuildFile; fileRef = 8DC2B5231F62FE8200487ECA /* Main.storyboard */; };
		8DC2B5281F62FE8200487ECA /* FinanceMan.xcdatamodeld in Sources */ = {isa = PBXBuildFile; fileRef = 8DC2B5261F62FE8200487ECA /* FinanceMan.xcdatamodeld */; };
		8DC2B52A1F62FE8200487ECA /* Assets.xcassets in Resources */ = {isa = PBXBuildFile; fileRef = 8DC2B5291F62FE8200487ECA /* Assets.xcassets */; };
		8DC2B52D1F62FE8200487ECA /* LaunchScreen.storyboard in Resources */ = {isa = PBXBuildFile; fileRef = 8DC2B52B1F62FE8200487ECA /* LaunchScreen.storyboard */; };
		8DC2B5361F62FF7C00487ECA /* RCButton.swift in Sources */ = {isa = PBXBuildFile; fileRef = 8DC2B5351F62FF7C00487ECA /* RCButton.swift */; };
		8DEA77AE1F7460E30033E542 /* ReportViewController.swift in Sources */ = {isa = PBXBuildFile; fileRef = 8DEA77AD1F7460E30033E542 /* ReportViewController.swift */; };
		8DEA77B01F7472470033E542 /* ReportResultsViewController.swift in Sources */ = {isa = PBXBuildFile; fileRef = 8DEA77AF1F7472470033E542 /* ReportResultsViewController.swift */; };
		8DEFB32C1F665E1D0060FDD4 /* CoreModel.swift in Sources */ = {isa = PBXBuildFile; fileRef = 8DEFB32B1F665E1D0060FDD4 /* CoreModel.swift */; };
		8DEFE4881F6D33F3005D4027 /* CategoryTableViewController.swift in Sources */ = {isa = PBXBuildFile; fileRef = 8DEFE4871F6D33F3005D4027 /* CategoryTableViewController.swift */; };
		8DEFE48C1F6D9750005D4027 /* CategoryViewController.swift in Sources */ = {isa = PBXBuildFile; fileRef = 8DEFE48B1F6D9750005D4027 /* CategoryViewController.swift */; };
		8DEFE48E1F6D9772005D4027 /* TransactionViewController.swift in Sources */ = {isa = PBXBuildFile; fileRef = 8DEFE48D1F6D9772005D4027 /* TransactionViewController.swift */; };
		8DEFE4901F6E6422005D4027 /* TransactionTableViewCell.swift in Sources */ = {isa = PBXBuildFile; fileRef = 8DEFE48F1F6E6422005D4027 /* TransactionTableViewCell.swift */; };
		8DEFE4921F6E644A005D4027 /* CategoryTableViewCell.swift in Sources */ = {isa = PBXBuildFile; fileRef = 8DEFE4911F6E644A005D4027 /* CategoryTableViewCell.swift */; };
		FF6A85A82A85CC60E29C6223 /* FinanceMan in Frameworks */ = {isa = PBXBuildFile; fileRef = D6E0B36DA1A8B26B33785A22 /* FinanceMan */; };
/* End PBXBuildFile section */

/* Begin PBXFileReference section */
		3F2EB2251F73F31F00B79117 /* IconCollectionViewCell.swift */ = {isa = PBXFileReference; fileEncoding = 4; lastKnownFileType = sourcecode.swift; path = IconCollectionViewCell.swift; sourceTree = "<group>"; };
		3FF5211B1F6BE11E00658402 /* TransactionTableViewController.swift */ = {isa = PBXFileReference; fileEncoding = 4; lastKnownFileType = sourcecode.swift; path = TransactionTableViewController.swift; sourceTree = "<group>"; };
		8D02641D1F7E1DFC002F6367 /* ReportTableViewCell.swift */ = {isa = PBXFileReference; lastKnownFileType = sourcecode.swift; path = ReportTableViewCell.swift; sourceTree = "<group>"; };
		8D02641F1F7E1E3B002F6367 /* ReportTableViewController.swift */ = {isa = PBXFileReference; lastKnownFileType = sourcecode.swift; path = ReportTableViewController.swift; sourceTree = "<group>"; };
		8D8F90DF1F658722004D81B0 /* TransactionModel.swift */ = {isa = PBXFileReference; fileEncoding = 4; lastKnownFileType = sourcecode.swift; path = TransactionModel.swift; sourceTree = "<group>"; };
		8D8F90E11F65875D004D81B0 /* CategoryModel.swift */ = {isa = PBXFileReference; fileEncoding = 4; lastKnownFileType = sourcecode.swift; path = CategoryModel.swift; sourceTree = "<group>"; };
		8DC2206B1F7A250C001D4C27 /* ReportModel.swift */ = {isa = PBXFileReference; lastKnownFileType = sourcecode.swift; path = ReportModel.swift; sourceTree = "<group>"; };
		8DC2B51C1F62FE8200487ECA /* FinanceMan.app */ = {isa = PBXFileReference; explicitFileType = wrapper.application; includeInIndex = 0; path = FinanceMan.app; sourceTree = BUILT_PRODUCTS_DIR; };
		8DC2B51F1F62FE8200487ECA /* AppDelegate.swift */ = {isa = PBXFileReference; lastKnownFileType = sourcecode.swift; path = AppDelegate.swift; sourceTree = "<group>"; };
		8DC2B5241F62FE8200487ECA /* Base */ = {isa = PBXFileReference; lastKnownFileType = file.storyboard; name = Base; path = Base.lproj/Main.storyboard; sourceTree = "<group>"; };
		8DC2B5271F62FE8200487ECA /* FinanceMan.xcdatamodel */ = {isa = PBXFileReference; lastKnownFileType = wrapper.xcdatamodel; path = FinanceMan.xcdatamodel; sourceTree = "<group>"; };
		8DC2B5291F62FE8200487ECA /* Assets.xcassets */ = {isa = PBXFileReference; lastKnownFileType = folder.assetcatalog; path = Assets.xcassets; sourceTree = "<group>"; };
		8DC2B52C1F62FE8200487ECA /* Base */ = {isa = PBXFileReference; lastKnownFileType = file.storyboard; name = Base; path = Base.lproj/LaunchScreen.storyboard; sourceTree = "<group>"; };
		8DC2B52E1F62FE8200487ECA /* Info.plist */ = {isa = PBXFileReference; lastKnownFileType = text.plist.xml; path = Info.plist; sourceTree = "<group>"; };
		8DC2B5351F62FF7C00487ECA /* RCButton.swift */ = {isa = PBXFileReference; fileEncoding = 4; lastKnownFileType = sourcecode.swift; path = RCButton.swift; sourceTree = "<group>"; };
		8DEA77AD1F7460E30033E542 /* ReportViewController.swift */ = {isa = PBXFileReference; fileEncoding = 4; lastKnownFileType = sourcecode.swift; path = ReportViewController.swift; sourceTree = "<group>"; };
		8DEA77AF1F7472470033E542 /* ReportResultsViewController.swift */ = {isa = PBXFileReference; fileEncoding = 4; lastKnownFileType = sourcecode.swift; path = ReportResultsViewController.swift; sourceTree = "<group>"; };
		8DEFB32B1F665E1D0060FDD4 /* CoreModel.swift */ = {isa = PBXFileReference; fileEncoding = 4; lastKnownFileType = sourcecode.swift; path = CoreModel.swift; sourceTree = "<group>"; };
		8DEFE4871F6D33F3005D4027 /* CategoryTableViewController.swift */ = {isa = PBXFileReference; fileEncoding = 4; lastKnownFileType = sourcecode.swift; path = CategoryTableViewController.swift; sourceTree = "<group>"; };
		8DEFE48B1F6D9750005D4027 /* CategoryViewController.swift */ = {isa = PBXFileReference; fileEncoding = 4; lastKnownFileType = sourcecode.swift; path = CategoryViewController.swift; sourceTree = "<group>"; };
		8DEFE48D1F6D9772005D4027 /* TransactionViewController.swift */ = {isa = PBXFileReference; fileEncoding = 4; lastKnownFileType = sourcecode.swift; path = TransactionViewController.swift; sourceTree = "<group>"; };
		8DEFE48F1F6E6422005D4027 /* TransactionTableViewCell.swift */ = {isa = PBXFileReference; fileEncoding = 4; lastKnownFileType = sourcecode.swift; path = TransactionTableViewCell.swift; sourceTree = "<group>"; };
		8DEFE4911F6E644A005D4027 /* CategoryTableViewCell.swift */ = {isa = PBXFileReference; fileEncoding = 4; lastKnownFileType = sourcecode.swift; path = CategoryTableViewCell.swift; sourceTree = "<group>"; };
		90483A7D91C8F1332DB238DB /* Pods-FinanceMan.release.xcconfig */ = {isa = PBXFileReference; includeInIndex = 1; lastKnownFileType = text.xcconfig; name = "Pods-FinanceMan.release.xcconfig"; path = "Pods/Target Support Files/Pods-FinanceMan/Pods-FinanceMan.release.xcconfig"; sourceTree = "<group>"; };
		B41A8E25529CE441D93630E3 /* Pods-FinanceMan.debug.xcconfig */ = {isa = PBXFileReference; includeInIndex = 1; lastKnownFileType = text.xcconfig; name = "Pods-FinanceMan.debug.xcconfig"; path = "Pods/Target Support Files/Pods-FinanceMan/Pods-FinanceMan.debug.xcconfig"; sourceTree = "<group>"; };
		D6E0B36DA1A8B26B33785A22 /* FinanceMan */ = {isa = PBXFileReference; explicitFileType = wrapper.framework; includeInIndex = 0; name = FinanceMan; path = Pods_FinanceMan.framework; sourceTree = BUILT_PRODUCTS_DIR; };
/* End PBXFileReference section */

/* Begin PBXFrameworksBuildPhase section */
		8DC2B5191F62FE8200487ECA /* Frameworks */ = {
			isa = PBXFrameworksBuildPhase;
			buildActionMask = 2147483647;
			files = (
				FF6A85A82A85CC60E29C6223 /* FinanceMan in Frameworks */,
			);
			runOnlyForDeploymentPostprocessing = 0;
		};
/* End PBXFrameworksBuildPhase section */

/* Begin PBXGroup section */
		3F387D2A1F696892005FFA13 /* SupportFiles */ = {
			isa = PBXGroup;
			children = (
				8DC2B51F1F62FE8200487ECA /* AppDelegate.swift */,
				8DC2B52E1F62FE8200487ECA /* Info.plist */,
				8DC2B5261F62FE8200487ECA /* FinanceMan.xcdatamodeld */,
				8DC2B5291F62FE8200487ECA /* Assets.xcassets */,
			);
			name = SupportFiles;
			sourceTree = "<group>";
		};
		3FF5211A1F6BAC2200658402 /* Controllers */ = {
			isa = PBXGroup;
			children = (
				3FF5211B1F6BE11E00658402 /* TransactionTableViewController.swift */,
				8DEFE48D1F6D9772005D4027 /* TransactionViewController.swift */,
				8DEFE4871F6D33F3005D4027 /* CategoryTableViewController.swift */,
				8DEFE48B1F6D9750005D4027 /* CategoryViewController.swift */,
				8DEA77AD1F7460E30033E542 /* ReportViewController.swift */,
				8DEA77AF1F7472470033E542 /* ReportResultsViewController.swift */,
				8D02641F1F7E1E3B002F6367 /* ReportTableViewController.swift */,
			);
			name = Controllers;
			sourceTree = "<group>";
		};
		5595BA2FE2087AC74EA15F81 /* Frameworks */ = {
			isa = PBXGroup;
			children = (
				D6E0B36DA1A8B26B33785A22 /* FinanceMan */,
			);
			name = Frameworks;
			sourceTree = "<group>";
		};
		8D8F90DE1F654D76004D81B0 /* Models */ = {
			isa = PBXGroup;
			children = (
				8D8F90DF1F658722004D81B0 /* TransactionModel.swift */,
				8D8F90E11F65875D004D81B0 /* CategoryModel.swift */,
				8DEFB32B1F665E1D0060FDD4 /* CoreModel.swift */,
				8DC2206B1F7A250C001D4C27 /* ReportModel.swift */,
			);
			name = Models;
			sourceTree = "<group>";
		};
		8DC2B5131F62FE8200487ECA = {
			isa = PBXGroup;
			children = (
				8DC2B51E1F62FE8200487ECA /* FinanceMan */,
				8DC2B51D1F62FE8200487ECA /* Products */,
				DA6D8E9EF44DFDB070836279 /* Pods */,
				5595BA2FE2087AC74EA15F81 /* Frameworks */,
			);
			sourceTree = "<group>";
		};
		8DC2B51D1F62FE8200487ECA /* Products */ = {
			isa = PBXGroup;
			children = (
				8DC2B51C1F62FE8200487ECA /* FinanceMan.app */,
			);
			name = Products;
			sourceTree = "<group>";
		};
		8DC2B51E1F62FE8200487ECA /* FinanceMan */ = {
			isa = PBXGroup;
			children = (
				8D8F90DE1F654D76004D81B0 /* Models */,
				8DC2B5341F62FF1700487ECA /* Views */,
				3FF5211A1F6BAC2200658402 /* Controllers */,
				3F387D2A1F696892005FFA13 /* SupportFiles */,
			);
			path = FinanceMan;
			sourceTree = "<group>";
		};
		8DC2B5341F62FF1700487ECA /* Views */ = {
			isa = PBXGroup;
			children = (
				8DC2B5231F62FE8200487ECA /* Main.storyboard */,
				8DC2B52B1F62FE8200487ECA /* LaunchScreen.storyboard */,
				8DC2B5351F62FF7C00487ECA /* RCButton.swift */,
				8DEFE48F1F6E6422005D4027 /* TransactionTableViewCell.swift */,
				8DEFE4911F6E644A005D4027 /* CategoryTableViewCell.swift */,
				8D02641D1F7E1DFC002F6367 /* ReportTableViewCell.swift */,
				3F2EB2251F73F31F00B79117 /* IconCollectionViewCell.swift */,
			);
			name = Views;
			sourceTree = "<group>";
		};
		DA6D8E9EF44DFDB070836279 /* Pods */ = {
			isa = PBXGroup;
			children = (
				B41A8E25529CE441D93630E3 /* Pods-FinanceMan.debug.xcconfig */,
				90483A7D91C8F1332DB238DB /* Pods-FinanceMan.release.xcconfig */,
			);
			name = Pods;
			sourceTree = "<group>";
		};
/* End PBXGroup section */

/* Begin PBXNativeTarget section */
		8DC2B51B1F62FE8200487ECA /* FinanceMan */ = {
			isa = PBXNativeTarget;
			buildConfigurationList = 8DC2B5311F62FE8200487ECA /* Build configuration list for PBXNativeTarget "FinanceMan" */;
			buildPhases = (
				C889925FEEDCBCF0D348D1C5 /* [CP] Check Pods Manifest.lock */,
				8DC2B5181F62FE8200487ECA /* Sources */,
				8DC2B5191F62FE8200487ECA /* Frameworks */,
				8DC2B51A1F62FE8200487ECA /* Resources */,
				2C57C24C680E4A78EC532583 /* [CP] Embed Pods Frameworks */,
				DE1B239F46B034CBD27B080E /* [CP] Copy Pods Resources */,
			);
			buildRules = (
			);
			dependencies = (
			);
			name = FinanceMan;
			productName = FinanceMan;
			productReference = 8DC2B51C1F62FE8200487ECA /* FinanceMan.app */;
			productType = "com.apple.product-type.application";
		};
/* End PBXNativeTarget section */

/* Begin PBXProject section */
		8DC2B5141F62FE8200487ECA /* Project object */ = {
			isa = PBXProject;
			attributes = {
				LastSwiftUpdateCheck = 0830;
				LastUpgradeCheck = 0900;
				ORGANIZATIONNAME = "Володимир";
				TargetAttributes = {
					8DC2B51B1F62FE8200487ECA = {
						CreatedOnToolsVersion = 8.3.3;
						DevelopmentTeam = 2YJRRFA38M;
						ProvisioningStyle = Automatic;
					};
				};
			};
			buildConfigurationList = 8DC2B5171F62FE8200487ECA /* Build configuration list for PBXProject "FinanceMan" */;
			compatibilityVersion = "Xcode 3.2";
			developmentRegion = English;
			hasScannedForEncodings = 0;
			knownRegions = (
				en,
				Base,
			);
			mainGroup = 8DC2B5131F62FE8200487ECA;
			productRefGroup = 8DC2B51D1F62FE8200487ECA /* Products */;
			projectDirPath = "";
			projectRoot = "";
			targets = (
				8DC2B51B1F62FE8200487ECA /* FinanceMan */,
			);
		};
/* End PBXProject section */

/* Begin PBXResourcesBuildPhase section */
		8DC2B51A1F62FE8200487ECA /* Resources */ = {
			isa = PBXResourcesBuildPhase;
			buildActionMask = 2147483647;
			files = (
				8DC2B52D1F62FE8200487ECA /* LaunchScreen.storyboard in Resources */,
				8DC2B52A1F62FE8200487ECA /* Assets.xcassets in Resources */,
				8DC2B5251F62FE8200487ECA /* Main.storyboard in Resources */,
			);
			runOnlyForDeploymentPostprocessing = 0;
		};
/* End PBXResourcesBuildPhase section */

/* Begin PBXShellScriptBuildPhase section */
		2C57C24C680E4A78EC532583 /* [CP] Embed Pods Frameworks */ = {
			isa = PBXShellScriptBuildPhase;
			buildActionMask = 2147483647;
			files = (
			);
			inputPaths = (
				"${SRCROOT}/Pods/Target Support Files/Pods-FinanceMan/Pods-FinanceMan-frameworks.sh",
				"${BUILT_PRODUCTS_DIR}/Charts/Charts.framework",
			);
			name = "[CP] Embed Pods Frameworks";
			outputPaths = (
				"${TARGET_BUILD_DIR}/${FRAMEWORKS_FOLDER_PATH}/Charts.framework",
			);
			runOnlyForDeploymentPostprocessing = 0;
			shellPath = /bin/sh;
			shellScript = "\"${SRCROOT}/Pods/Target Support Files/Pods-FinanceMan/Pods-FinanceMan-frameworks.sh\"\n";
			showEnvVarsInLog = 0;
		};
		C889925FEEDCBCF0D348D1C5 /* [CP] Check Pods Manifest.lock */ = {
			isa = PBXShellScriptBuildPhase;
			buildActionMask = 2147483647;
			files = (
			);
			inputPaths = (
				"${PODS_PODFILE_DIR_PATH}/Podfile.lock",
				"${PODS_ROOT}/Manifest.lock",
			);
			name = "[CP] Check Pods Manifest.lock";
			outputPaths = (
				"$(DERIVED_FILE_DIR)/Pods-FinanceMan-checkManifestLockResult.txt",
			);
			runOnlyForDeploymentPostprocessing = 0;
			shellPath = /bin/sh;
			shellScript = "diff \"${PODS_PODFILE_DIR_PATH}/Podfile.lock\" \"${PODS_ROOT}/Manifest.lock\" > /dev/null\nif [ $? != 0 ] ; then\n    # print error to STDERR\n    echo \"error: The sandbox is not in sync with the Podfile.lock. Run 'pod install' or update your CocoaPods installation.\" >&2\n    exit 1\nfi\n# This output is used by Xcode 'outputs' to avoid re-running this script phase.\necho \"SUCCESS\" > \"${SCRIPT_OUTPUT_FILE_0}\"\n";
			showEnvVarsInLog = 0;
		};
		DE1B239F46B034CBD27B080E /* [CP] Copy Pods Resources */ = {
			isa = PBXShellScriptBuildPhase;
			buildActionMask = 2147483647;
			files = (
			);
			inputPaths = (
			);
			name = "[CP] Copy Pods Resources";
			outputPaths = (
			);
			runOnlyForDeploymentPostprocessing = 0;
			shellPath = /bin/sh;
			shellScript = "\"${SRCROOT}/Pods/Target Support Files/Pods-FinanceMan/Pods-FinanceMan-resources.sh\"\n";
			showEnvVarsInLog = 0;
		};
/* End PBXShellScriptBuildPhase section */

/* Begin PBXSourcesBuildPhase section */
		8DC2B5181F62FE8200487ECA /* Sources */ = {
			isa = PBXSourcesBuildPhase;
			buildActionMask = 2147483647;
			files = (
				8D8F90E01F658722004D81B0 /* TransactionModel.swift in Sources */,
				8DEFE4901F6E6422005D4027 /* TransactionTableViewCell.swift in Sources */,
				8D8F90E21F65875D004D81B0 /* CategoryModel.swift in Sources */,
				8DEFB32C1F665E1D0060FDD4 /* CoreModel.swift in Sources */,
				3F2EB2261F73F31F00B79117 /* IconCollectionViewCell.swift in Sources */,
				8DEA77B01F7472470033E542 /* ReportResultsViewController.swift in Sources */,
				8DEFE4881F6D33F3005D4027 /* CategoryTableViewController.swift in Sources */,
				8DEA77AE1F7460E30033E542 /* ReportViewController.swift in Sources */,
				3FF5211C1F6BE11E00658402 /* TransactionTableViewController.swift in Sources */,
				8DC2206C1F7A250C001D4C27 /* ReportModel.swift in Sources */,
				8DEFE48E1F6D9772005D4027 /* TransactionViewController.swift in Sources */,
				8DC2B5281F62FE8200487ECA /* FinanceMan.xcdatamodeld in Sources */,
				8DC2B5361F62FF7C00487ECA /* RCButton.swift in Sources */,
				8D0264201F7E1E3B002F6367 /* ReportTableViewController.swift in Sources */,
				8D02641E1F7E1DFC002F6367 /* ReportTableViewCell.swift in Sources */,
				8DEFE48C1F6D9750005D4027 /* CategoryViewController.swift in Sources */,
				8DC2B5201F62FE8200487ECA /* AppDelegate.swift in Sources */,
				8DEFE4921F6E644A005D4027 /* CategoryTableViewCell.swift in Sources */,
			);
			runOnlyForDeploymentPostprocessing = 0;
		};
/* End PBXSourcesBuildPhase section */

/* Begin PBXVariantGroup section */
		8DC2B5231F62FE8200487ECA /* Main.storyboard */ = {
			isa = PBXVariantGroup;
			children = (
				8DC2B5241F62FE8200487ECA /* Base */,
			);
			name = Main.storyboard;
			sourceTree = "<group>";
		};
		8DC2B52B1F62FE8200487ECA /* LaunchScreen.storyboard */ = {
			isa = PBXVariantGroup;
			children = (
				8DC2B52C1F62FE8200487ECA /* Base */,
			);
			name = LaunchScreen.storyboard;
			sourceTree = "<group>";
		};
/* End PBXVariantGroup section */

/* Begin XCBuildConfiguration section */
		8DC2B52F1F62FE8200487ECA /* Debug */ = {
			isa = XCBuildConfiguration;
			buildSettings = {
				ALWAYS_EMBED_SWIFT_STANDARD_LIBRARIES = YES;
				ALWAYS_SEARCH_USER_PATHS = NO;
				CLANG_ANALYZER_NONNULL = YES;
				CLANG_ANALYZER_NUMBER_OBJECT_CONVERSION = YES_AGGRESSIVE;
				CLANG_CXX_LANGUAGE_STANDARD = "gnu++0x";
				CLANG_CXX_LIBRARY = "libc++";
				CLANG_ENABLE_MODULES = YES;
				CLANG_ENABLE_OBJC_ARC = YES;
				CLANG_WARN_BLOCK_CAPTURE_AUTORELEASING = YES;
				CLANG_WARN_BOOL_CONVERSION = YES;
				CLANG_WARN_COMMA = YES;
				CLANG_WARN_CONSTANT_CONVERSION = YES;
				CLANG_WARN_DIRECT_OBJC_ISA_USAGE = YES_ERROR;
				CLANG_WARN_DOCUMENTATION_COMMENTS = YES;
				CLANG_WARN_EMPTY_BODY = YES;
				CLANG_WARN_ENUM_CONVERSION = YES;
				CLANG_WARN_INFINITE_RECURSION = YES;
				CLANG_WARN_INT_CONVERSION = YES;
				CLANG_WARN_NON_LITERAL_NULL_CONVERSION = YES;
				CLANG_WARN_OBJC_LITERAL_CONVERSION = YES;
				CLANG_WARN_OBJC_ROOT_CLASS = YES_ERROR;
				CLANG_WARN_RANGE_LOOP_ANALYSIS = YES;
				CLANG_WARN_STRICT_PROTOTYPES = YES;
				CLANG_WARN_SUSPICIOUS_MOVE = YES;
				CLANG_WARN_UNREACHABLE_CODE = YES;
				CLANG_WARN__DUPLICATE_METHOD_MATCH = YES;
				"CODE_SIGN_IDENTITY[sdk=iphoneos*]" = "iPhone Developer";
				COPY_PHASE_STRIP = NO;
				DEBUG_INFORMATION_FORMAT = dwarf;
				ENABLE_STRICT_OBJC_MSGSEND = YES;
				ENABLE_TESTABILITY = YES;
				GCC_C_LANGUAGE_STANDARD = gnu99;
				GCC_DYNAMIC_NO_PIC = NO;
				GCC_NO_COMMON_BLOCKS = YES;
				GCC_OPTIMIZATION_LEVEL = 0;
				GCC_PREPROCESSOR_DEFINITIONS = (
					"DEBUG=1",
					"$(inherited)",
				);
				GCC_WARN_64_TO_32_BIT_CONVERSION = YES;
				GCC_WARN_ABOUT_RETURN_TYPE = YES_ERROR;
				GCC_WARN_UNDECLARED_SELECTOR = YES;
				GCC_WARN_UNINITIALIZED_AUTOS = YES_AGGRESSIVE;
				GCC_WARN_UNUSED_FUNCTION = YES;
				GCC_WARN_UNUSED_VARIABLE = YES;
				IPHONEOS_DEPLOYMENT_TARGET = 10.3;
				MTL_ENABLE_DEBUG_INFO = YES;
				ONLY_ACTIVE_ARCH = YES;
				SDKROOT = iphoneos;
				SWIFT_ACTIVE_COMPILATION_CONDITIONS = DEBUG;
				SWIFT_OPTIMIZATION_LEVEL = "-Onone";
				TARGETED_DEVICE_FAMILY = "1,2";
			};
			name = Debug;
		};
		8DC2B5301F62FE8200487ECA /* Release */ = {
			isa = XCBuildConfiguration;
			buildSettings = {
				ALWAYS_EMBED_SWIFT_STANDARD_LIBRARIES = YES;
				ALWAYS_SEARCH_USER_PATHS = NO;
				CLANG_ANALYZER_NONNULL = YES;
				CLANG_ANALYZER_NUMBER_OBJECT_CONVERSION = YES_AGGRESSIVE;
				CLANG_CXX_LANGUAGE_STANDARD = "gnu++0x";
				CLANG_CXX_LIBRARY = "libc++";
				CLANG_ENABLE_MODULES = YES;
				CLANG_ENABLE_OBJC_ARC = YES;
				CLANG_WARN_BLOCK_CAPTURE_AUTORELEASING = YES;
				CLANG_WARN_BOOL_CONVERSION = YES;
				CLANG_WARN_COMMA = YES;
				CLANG_WARN_CONSTANT_CONVERSION = YES;
				CLANG_WARN_DIRECT_OBJC_ISA_USAGE = YES_ERROR;
				CLANG_WARN_DOCUMENTATION_COMMENTS = YES;
				CLANG_WARN_EMPTY_BODY = YES;
				CLANG_WARN_ENUM_CONVERSION = YES;
				CLANG_WARN_INFINITE_RECURSION = YES;
				CLANG_WARN_INT_CONVERSION = YES;
				CLANG_WARN_NON_LITERAL_NULL_CONVERSION = YES;
				CLANG_WARN_OBJC_LITERAL_CONVERSION = YES;
				CLANG_WARN_OBJC_ROOT_CLASS = YES_ERROR;
				CLANG_WARN_RANGE_LOOP_ANALYSIS = YES;
				CLANG_WARN_STRICT_PROTOTYPES = YES;
				CLANG_WARN_SUSPICIOUS_MOVE = YES;
				CLANG_WARN_UNREACHABLE_CODE = YES;
				CLANG_WARN__DUPLICATE_METHOD_MATCH = YES;
				"CODE_SIGN_IDENTITY[sdk=iphoneos*]" = "iPhone Developer";
				COPY_PHASE_STRIP = NO;
				DEBUG_INFORMATION_FORMAT = "dwarf-with-dsym";
				ENABLE_NS_ASSERTIONS = NO;
				ENABLE_STRICT_OBJC_MSGSEND = YES;
				GCC_C_LANGUAGE_STANDARD = gnu99;
				GCC_NO_COMMON_BLOCKS = YES;
				GCC_WARN_64_TO_32_BIT_CONVERSION = YES;
				GCC_WARN_ABOUT_RETURN_TYPE = YES_ERROR;
				GCC_WARN_UNDECLARED_SELECTOR = YES;
				GCC_WARN_UNINITIALIZED_AUTOS = YES_AGGRESSIVE;
				GCC_WARN_UNUSED_FUNCTION = YES;
				GCC_WARN_UNUSED_VARIABLE = YES;
				IPHONEOS_DEPLOYMENT_TARGET = 10.3;
				MTL_ENABLE_DEBUG_INFO = NO;
				SDKROOT = iphoneos;
				SWIFT_OPTIMIZATION_LEVEL = "-Owholemodule";
				TARGETED_DEVICE_FAMILY = "1,2";
				VALIDATE_PRODUCT = YES;
			};
			name = Release;
		};
		8DC2B5321F62FE8200487ECA /* Debug */ = {
			isa = XCBuildConfiguration;
			baseConfigurationReference = B41A8E25529CE441D93630E3 /* Pods-FinanceMan.debug.xcconfig */;
			buildSettings = {
				ASSETCATALOG_COMPILER_APPICON_NAME = AppIcon;
				DEVELOPMENT_TEAM = 2YJRRFA38M;
				INFOPLIST_FILE = FinanceMan/Info.plist;
				LD_RUNPATH_SEARCH_PATHS = "$(inherited) @executable_path/Frameworks";
				PRODUCT_BUNDLE_IDENTIFIER = com.winner.learning.FinanceMan;
				PRODUCT_NAME = "$(TARGET_NAME)";
				SWIFT_VERSION = 4.0;
			};
			name = Debug;
		};
		8DC2B5331F62FE8200487ECA /* Release */ = {
			isa = XCBuildConfiguration;
			baseConfigurationReference = 90483A7D91C8F1332DB238DB /* Pods-FinanceMan.release.xcconfig */;
			buildSettings = {
				ASSETCATALOG_COMPILER_APPICON_NAME = AppIcon;
				DEVELOPMENT_TEAM = 2YJRRFA38M;
				INFOPLIST_FILE = FinanceMan/Info.plist;
				LD_RUNPATH_SEARCH_PATHS = "$(inherited) @executable_path/Frameworks";
				PRODUCT_BUNDLE_IDENTIFIER = com.winner.learning.FinanceMan;
				PRODUCT_NAME = "$(TARGET_NAME)";
				SWIFT_VERSION = 4.0;
			};
			name = Release;
		};
/* End XCBuildConfiguration section */

/* Begin XCConfigurationList section */
		8DC2B5171F62FE8200487ECA /* Build configuration list for PBXProject "FinanceMan" */ = {
			isa = XCConfigurationList;
			buildConfigurations = (
				8DC2B52F1F62FE8200487ECA /* Debug */,
				8DC2B5301F62FE8200487ECA /* Release */,
			);
			defaultConfigurationIsVisible = 0;
			defaultConfigurationName = Release;
		};
		8DC2B5311F62FE8200487ECA /* Build configuration list for PBXNativeTarget "FinanceMan" */ = {
			isa = XCConfigurationList;
			buildConfigurations = (
				8DC2B5321F62FE8200487ECA /* Debug */,
				8DC2B5331F62FE8200487ECA /* Release */,
			);
			defaultConfigurationIsVisible = 0;
			defaultConfigurationName = Release;
		};
/* End XCConfigurationList section */

/* Begin XCVersionGroup section */
		8DC2B5261F62FE8200487ECA /* FinanceMan.xcdatamodeld */ = {
			isa = XCVersionGroup;
			children = (
				8DC2B5271F62FE8200487ECA /* FinanceMan.xcdatamodel */,
			);
			currentVersion = 8DC2B5271F62FE8200487ECA /* FinanceMan.xcdatamodel */;
			path = FinanceMan.xcdatamodeld;
			sourceTree = "<group>";
			versionGroupType = wrapper.xcdatamodel;
		};
/* End XCVersionGroup section */
	};
	rootObject = 8DC2B5141F62FE8200487ECA /* Project object */;
}
